
Microsoft Visual Studio Solution File, Format Version 12.00
# Visual Studio Version 16
VisualStudioVersion = 16.0.30804.86
MinimumVisualStudioVersion = 10.0.40219.1
Project("{9A19103F-16F7-4668-BE54-9A1E7A4F7556}") = "AppIT", "AppIT\AppIT.csproj", "{E042F1A3-8B33-4A5C-9E8C-D880D4A6D9E8}"
EndProject
Project("{9A19103F-16F7-4668-BE54-9A1E7A4F7556}") = "ImGuiGL", "ImGuiGL\ImGuiGL.csproj", "{A9FB57BC-F974-4607-AEEA-A1147F18E8C9}"
EndProject
Project("{9A19103F-16F7-4668-BE54-9A1E7A4F7556}") = "EmuLib", "EmuLib\EmuLib.csproj", "{B8315181-2889-459C-B68E-09005AF68BB6}"
EndProject
Project("{2150E333-8FDC-42A3-9474-1A3956D46DE8}") = "Libs", "Libs", "{771B57A8-900C-4349-BC85-8DEBC36AECCD}"
EndProject
Global
	GlobalSection(SolutionConfigurationPlatforms) = preSolution
		Debug|Any CPU = Debug|Any CPU
		Release|Any CPU = Release|Any CPU
	EndGlobalSection
	GlobalSection(ProjectConfigurationPlatforms) = postSolution
		{E042F1A3-8B33-4A5C-9E8C-D880D4A6D9E8}.Debug|Any CPU.ActiveCfg = Debug|Any CPU
		{E042F1A3-8B33-4A5C-9E8C-D880D4A6D9E8}.Debug|Any CPU.Build.0 = Debug|Any CPU
		{E042F1A3-8B33-4A5C-9E8C-D880D4A6D9E8}.Release|Any CPU.ActiveCfg = Release|Any CPU
		{E042F1A3-8B33-4A5C-9E8C-D880D4A6D9E8}.Release|Any CPU.Build.0 = Release|Any CPU
		{A9FB57BC-F974-4607-AEEA-A1147F18E8C9}.Debug|Any CPU.ActiveCfg = Debug|Any CPU
		{A9FB57BC-F974-4607-AEEA-A1147F18E8C9}.Debug|Any CPU.Build.0 = Debug|Any CPU
		{A9FB57BC-F974-4607-AEEA-A1147F18E8C9}.Release|Any CPU.ActiveCfg = Release|Any CPU
		{A9FB57BC-F974-4607-AEEA-A1147F18E8C9}.Release|Any CPU.Build.0 = Release|Any CPU
		{B8315181-2889-459C-B68E-09005AF68BB6}.Debug|Any CPU.ActiveCfg = Debug|Any CPU
		{B8315181-2889-459C-B68E-09005AF68BB6}.Debug|Any CPU.Build.0 = Debug|Any CPU
		{B8315181-2889-459C-B68E-09005AF68BB6}.Release|Any CPU.ActiveCfg = Release|Any CPU
		{B8315181-2889-459C-B68E-09005AF68BB6}.Release|Any CPU.Build.0 = Release|Any CPU
	EndGlobalSection
	GlobalSection(SolutionProperties) = preSolution
		HideSolutionNode = FALSE
	EndGlobalSection
	GlobalSection(NestedProjects) = preSolution
		{A9FB57BC-F974-4607-AEEA-A1147F18E8C9} = {771B57A8-900C-4349-BC85-8DEBC36AECCD}
	EndGlobalSection
	GlobalSection(ExtensibilityGlobals) = postSolution
		SolutionGuid = {219685EA-68F5-4EBE-ACE8-75BFFEEEC243}
	EndGlobalSection
EndGlobal
